// !$*UTF8*$!
{
	archiveVersion = 1;
	classes = {
	};
	objectVersion = 55;
	objects = {

/* Begin PBXBuildFile section */
		6E3B72FE27CD051D006FFDB1 /* AppDelegate.swift in Sources */ = {isa = PBXBuildFile; fileRef = 6E3B72FD27CD051D006FFDB1 /* AppDelegate.swift */; };
		6E3B730027CD051D006FFDB1 /* SceneDelegate.swift in Sources */ = {isa = PBXBuildFile; fileRef = 6E3B72FF27CD051D006FFDB1 /* SceneDelegate.swift */; };
		6E3B730227CD051D006FFDB1 /* CollectionViewController.swift in Sources */ = {isa = PBXBuildFile; fileRef = 6E3B730127CD051D006FFDB1 /* CollectionViewController.swift */; };
		6E3B730527CD051D006FFDB1 /* Main.storyboard in Resources */ = {isa = PBXBuildFile; fileRef = 6E3B730327CD051D006FFDB1 /* Main.storyboard */; };
		6E3B730727CD051E006FFDB1 /* Assets.xcassets in Resources */ = {isa = PBXBuildFile; fileRef = 6E3B730627CD051E006FFDB1 /* Assets.xcassets */; };
		6E3B730A27CD051E006FFDB1 /* LaunchScreen.storyboard in Resources */ = {isa = PBXBuildFile; fileRef = 6E3B730827CD051E006FFDB1 /* LaunchScreen.storyboard */; };
		6E3B731527CE36C6006FFDB1 /* CollectionMosaicCell.swift in Sources */ = {isa = PBXBuildFile; fileRef = 6E3B731427CE36C6006FFDB1 /* CollectionMosaicCell.swift */; };
		6E3B731827CE505F006FFDB1 /* CollectionMosaicLayout.swift in Sources */ = {isa = PBXBuildFile; fileRef = 6E3B731727CE505F006FFDB1 /* CollectionMosaicLayout.swift */; };
		6E3B731C27DB97C9006FFDB1 /* RandomColor.swift in Sources */ = {isa = PBXBuildFile; fileRef = 6E3B731B27DB97C9006FFDB1 /* RandomColor.swift */; };
		6E7541BF27DCD97E00E5B6B3 /* DelailsViewController.swift in Sources */ = {isa = PBXBuildFile; fileRef = 6E7541BE27DCD97E00E5B6B3 /* DelailsViewController.swift */; };
		6E7541C227DF547700E5B6B3 /* NavigationTransition.swift in Sources */ = {isa = PBXBuildFile; fileRef = 6E7541C127DF547700E5B6B3 /* NavigationTransition.swift */; };
/* End PBXBuildFile section */

/* Begin PBXFileReference section */
		6E3B72FA27CD051D006FFDB1 /* CollectionViewTask.app */ = {isa = PBXFileReference; explicitFileType = wrapper.application; includeInIndex = 0; path = CollectionViewTask.app; sourceTree = BUILT_PRODUCTS_DIR; };
		6E3B72FD27CD051D006FFDB1 /* AppDelegate.swift */ = {isa = PBXFileReference; lastKnownFileType = sourcecode.swift; path = AppDelegate.swift; sourceTree = "<group>"; };
		6E3B72FF27CD051D006FFDB1 /* SceneDelegate.swift */ = {isa = PBXFileReference; lastKnownFileType = sourcecode.swift; path = SceneDelegate.swift; sourceTree = "<group>"; };
		6E3B730127CD051D006FFDB1 /* CollectionViewController.swift */ = {isa = PBXFileReference; lastKnownFileType = sourcecode.swift; path = CollectionViewController.swift; sourceTree = "<group>"; };
		6E3B730427CD051D006FFDB1 /* Base */ = {isa = PBXFileReference; lastKnownFileType = file.storyboard; name = Base; path = Base.lproj/Main.storyboard; sourceTree = "<group>"; };
		6E3B730627CD051E006FFDB1 /* Assets.xcassets */ = {isa = PBXFileReference; lastKnownFileType = folder.assetcatalog; path = Assets.xcassets; sourceTree = "<group>"; };
		6E3B730927CD051E006FFDB1 /* Base */ = {isa = PBXFileReference; lastKnownFileType = file.storyboard; name = Base; path = Base.lproj/LaunchScreen.storyboard; sourceTree = "<group>"; };
		6E3B730B27CD051E006FFDB1 /* Info.plist */ = {isa = PBXFileReference; lastKnownFileType = text.plist.xml; path = Info.plist; sourceTree = "<group>"; };
		6E3B731427CE36C6006FFDB1 /* CollectionMosaicCell.swift */ = {isa = PBXFileReference; lastKnownFileType = sourcecode.swift; path = CollectionMosaicCell.swift; sourceTree = "<group>"; };
		6E3B731727CE505F006FFDB1 /* CollectionMosaicLayout.swift */ = {isa = PBXFileReference; lastKnownFileType = sourcecode.swift; path = CollectionMosaicLayout.swift; sourceTree = "<group>"; };
		6E3B731B27DB97C9006FFDB1 /* RandomColor.swift */ = {isa = PBXFileReference; lastKnownFileType = sourcecode.swift; path = RandomColor.swift; sourceTree = "<group>"; };
		6E7541BE27DCD97E00E5B6B3 /* DelailsViewController.swift */ = {isa = PBXFileReference; lastKnownFileType = sourcecode.swift; path = DelailsViewController.swift; sourceTree = "<group>"; };
		6E7541C127DF547700E5B6B3 /* NavigationTransition.swift */ = {isa = PBXFileReference; lastKnownFileType = sourcecode.swift; path = NavigationTransition.swift; sourceTree = "<group>"; };
		CB7BF0702BD85EA0DCC2004F /* Pods-CollectionViewTask.release.xcconfig */ = {isa = PBXFileReference; includeInIndex = 1; lastKnownFileType = text.xcconfig; name = "Pods-CollectionViewTask.release.xcconfig"; path = "Target Support Files/Pods-CollectionViewTask/Pods-CollectionViewTask.release.xcconfig"; sourceTree = "<group>"; };
		D39AC35862F4B208FF1F27E8 /* Pods-CollectionViewTask.debug.xcconfig */ = {isa = PBXFileReference; includeInIndex = 1; lastKnownFileType = text.xcconfig; name = "Pods-CollectionViewTask.debug.xcconfig"; path = "Target Support Files/Pods-CollectionViewTask/Pods-CollectionViewTask.debug.xcconfig"; sourceTree = "<group>"; };
/* End PBXFileReference section */

/* Begin PBXFrameworksBuildPhase section */
		6E3B72F727CD051D006FFDB1 /* Frameworks */ = {
			isa = PBXFrameworksBuildPhase;
			buildActionMask = 2147483647;
			files = (
			);
			runOnlyForDeploymentPostprocessing = 0;
		};
/* End PBXFrameworksBuildPhase section */

/* Begin PBXGroup section */
		196D67A8F92260C48193F471 /* Pods */ = {
			isa = PBXGroup;
			children = (
				D39AC35862F4B208FF1F27E8 /* Pods-CollectionViewTask.debug.xcconfig */,
				CB7BF0702BD85EA0DCC2004F /* Pods-CollectionViewTask.release.xcconfig */,
			);
			path = Pods;
			sourceTree = "<group>";
		};
		6E3B72F127CD051D006FFDB1 = {
			isa = PBXGroup;
			children = (
				6E3B72FC27CD051D006FFDB1 /* CollectionViewTask */,
				6E3B72FB27CD051D006FFDB1 /* Products */,
				196D67A8F92260C48193F471 /* Pods */,
			);
			sourceTree = "<group>";
		};
		6E3B72FB27CD051D006FFDB1 /* Products */ = {
			isa = PBXGroup;
			children = (
				6E3B72FA27CD051D006FFDB1 /* CollectionViewTask.app */,
			);
			name = Products;
			sourceTree = "<group>";
		};
		6E3B72FC27CD051D006FFDB1 /* CollectionViewTask */ = {
			isa = PBXGroup;
			children = (
				6E7541C027DF533400E5B6B3 /* View */,
				6E3B731A27DB97A9006FFDB1 /* Utils */,
				6E3B731627CE5038006FFDB1 /* Layout */,
				6E3B72FD27CD051D006FFDB1 /* AppDelegate.swift */,
				6E3B72FF27CD051D006FFDB1 /* SceneDelegate.swift */,
				6E3B730327CD051D006FFDB1 /* Main.storyboard */,
				6E3B730627CD051E006FFDB1 /* Assets.xcassets */,
				6E3B730827CD051E006FFDB1 /* LaunchScreen.storyboard */,
				6E3B730B27CD051E006FFDB1 /* Info.plist */,
			);
			path = CollectionViewTask;
			sourceTree = "<group>";
		};
		6E3B731627CE5038006FFDB1 /* Layout */ = {
			isa = PBXGroup;
			children = (
				6E3B731427CE36C6006FFDB1 /* CollectionMosaicCell.swift */,
				6E3B731727CE505F006FFDB1 /* CollectionMosaicLayout.swift */,
			);
			path = Layout;
			sourceTree = "<group>";
		};
		6E3B731A27DB97A9006FFDB1 /* Utils */ = {
			isa = PBXGroup;
			children = (
				6E3B731B27DB97C9006FFDB1 /* RandomColor.swift */,
				6E7541C127DF547700E5B6B3 /* NavigationTransition.swift */,
			);
			path = Utils;
			sourceTree = "<group>";
		};
		6E7541C027DF533400E5B6B3 /* View */ = {
			isa = PBXGroup;
			children = (
				6E7541BE27DCD97E00E5B6B3 /* DelailsViewController.swift */,
				6E3B730127CD051D006FFDB1 /* CollectionViewController.swift */,
			);
			path = View;
			sourceTree = "<group>";
		};
/* End PBXGroup section */

/* Begin PBXNativeTarget section */
		6E3B72F927CD051D006FFDB1 /* CollectionViewTask */ = {
			isa = PBXNativeTarget;
			buildConfigurationList = 6E3B730E27CD051E006FFDB1 /* Build configuration list for PBXNativeTarget "CollectionViewTask" */;
			buildPhases = (
				51F51A6C0A7A2258373EE577 /* [CP] Check Pods Manifest.lock */,
				6E7541BD27DB9B4C00E5B6B3 /* Run Script */,
				6E3B72F627CD051D006FFDB1 /* Sources */,
				6E3B72F727CD051D006FFDB1 /* Frameworks */,
				6E3B72F827CD051D006FFDB1 /* Resources */,
			);
			buildRules = (
			);
			dependencies = (
			);
			name = CollectionViewTask;
			productName = CollectionViewTask;
			productReference = 6E3B72FA27CD051D006FFDB1 /* CollectionViewTask.app */;
			productType = "com.apple.product-type.application";
		};
/* End PBXNativeTarget section */

/* Begin PBXProject section */
		6E3B72F227CD051D006FFDB1 /* Project object */ = {
			isa = PBXProject;
			attributes = {
				BuildIndependentTargetsInParallel = 1;
				LastSwiftUpdateCheck = 1320;
				LastUpgradeCheck = 1320;
				TargetAttributes = {
					6E3B72F927CD051D006FFDB1 = {
						CreatedOnToolsVersion = 13.2.1;
					};
				};
			};
			buildConfigurationList = 6E3B72F527CD051D006FFDB1 /* Build configuration list for PBXProject "CollectionViewTask" */;
			compatibilityVersion = "Xcode 13.0";
			developmentRegion = en;
			hasScannedForEncodings = 0;
			knownRegions = (
				en,
				Base,
			);
			mainGroup = 6E3B72F127CD051D006FFDB1;
			productRefGroup = 6E3B72FB27CD051D006FFDB1 /* Products */;
			projectDirPath = "";
			projectRoot = "";
			targets = (
				6E3B72F927CD051D006FFDB1 /* CollectionViewTask */,
			);
		};
/* End PBXProject section */

/* Begin PBXResourcesBuildPhase section */
		6E3B72F827CD051D006FFDB1 /* Resources */ = {
			isa = PBXResourcesBuildPhase;
			buildActionMask = 2147483647;
			files = (
				6E3B730A27CD051E006FFDB1 /* LaunchScreen.storyboard in Resources */,
				6E3B730727CD051E006FFDB1 /* Assets.xcassets in Resources */,
				6E3B730527CD051D006FFDB1 /* Main.storyboard in Resources */,
			);
			runOnlyForDeploymentPostprocessing = 0;
		};
/* End PBXResourcesBuildPhase section */

/* Begin PBXShellScriptBuildPhase section */
		51F51A6C0A7A2258373EE577 /* [CP] Check Pods Manifest.lock */ = {
			isa = PBXShellScriptBuildPhase;
			buildActionMask = 2147483647;
			files = (
			);
			inputFileListPaths = (
			);
			inputPaths = (
				"${PODS_PODFILE_DIR_PATH}/Podfile.lock",
				"${PODS_ROOT}/Manifest.lock",
			);
			name = "[CP] Check Pods Manifest.lock";
			outputFileListPaths = (
			);
			outputPaths = (
				"$(DERIVED_FILE_DIR)/Pods-CollectionViewTask-checkManifestLockResult.txt",
			);
			runOnlyForDeploymentPostprocessing = 0;
			shellPath = /bin/sh;
			shellScript = "diff \"${PODS_PODFILE_DIR_PATH}/Podfile.lock\" \"${PODS_ROOT}/Manifest.lock\" > /dev/null\nif [ $? != 0 ] ; then\n    # print error to STDERR\n    echo \"error: The sandbox is not in sync with the Podfile.lock. Run 'pod install' or update your CocoaPods installation.\" >&2\n    exit 1\nfi\n# This output is used by Xcode 'outputs' to avoid re-running this script phase.\necho \"SUCCESS\" > \"${SCRIPT_OUTPUT_FILE_0}\"\n";
			showEnvVarsInLog = 0;
		};
		6E7541BD27DB9B4C00E5B6B3 /* Run Script */ = {
			isa = PBXShellScriptBuildPhase;
			buildActionMask = 2147483647;
			files = (
			);
			inputFileListPaths = (
			);
			inputPaths = (
			);
			name = "Run Script";
			outputFileListPaths = (
			);
			outputPaths = (
			);
			runOnlyForDeploymentPostprocessing = 0;
			shellPath = /bin/sh;
			shellScript = "if which \"${PODS_ROOT}/SwiftLint/swiftlint\" >/dev/null; then\n    ${PODS_ROOT}/SwiftLint/swiftlint autocorrect && ${PODS_ROOT}/SwiftLint/swiftlint\n\nelse\n    echo \"warning: SwiftLint not installed, download from https://github.com/realm/SwiftLint\"\nfi\n";
		};
/* End PBXShellScriptBuildPhase section */

/* Begin PBXSourcesBuildPhase section */
		6E3B72F627CD051D006FFDB1 /* Sources */ = {
			isa = PBXSourcesBuildPhase;
			buildActionMask = 2147483647;
			files = (
				6E7541C227DF547700E5B6B3 /* NavigationTransition.swift in Sources */,
				6E3B731827CE505F006FFDB1 /* CollectionMosaicLayout.swift in Sources */,
				6E3B730227CD051D006FFDB1 /* CollectionViewController.swift in Sources */,
				6E3B72FE27CD051D006FFDB1 /* AppDelegate.swift in Sources */,
				6E7541BF27DCD97E00E5B6B3 /* DelailsViewController.swift in Sources */,
				6E3B730027CD051D006FFDB1 /* SceneDelegate.swift in Sources */,
				6E3B731C27DB97C9006FFDB1 /* RandomColor.swift in Sources */,
				6E3B731527CE36C6006FFDB1 /* CollectionMosaicCell.swift in Sources */,
			);
			runOnlyForDeploymentPostprocessing = 0;
		};
/* End PBXSourcesBuildPhase section */

/* Begin PBXVariantGroup section */
		6E3B730327CD051D006FFDB1 /* Main.storyboard */ = {
			isa = PBXVariantGroup;
			children = (
				6E3B730427CD051D006FFDB1 /* Base */,
			);
			name = Main.storyboard;
			sourceTree = "<group>";
		};
		6E3B730827CD051E006FFDB1 /* LaunchScreen.storyboard */ = {
			isa = PBXVariantGroup;
			children = (
				6E3B730927CD051E006FFDB1 /* Base */,
			);
			name = LaunchScreen.storyboard;
			sourceTree = "<group>";
		};
/* End PBXVariantGroup section */

/* Begin XCBuildConfiguration section */
		6E3B730C27CD051E006FFDB1 /* Debug */ = {
			isa = XCBuildConfiguration;
			buildSettings = {
				ALWAYS_SEARCH_USER_PATHS = NO;
				CLANG_ANALYZER_NONNULL = YES;
				CLANG_ANALYZER_NUMBER_OBJECT_CONVERSION = YES_AGGRESSIVE;
				CLANG_CXX_LANGUAGE_STANDARD = "gnu++17";
				CLANG_CXX_LIBRARY = "libc++";
				CLANG_ENABLE_MODULES = YES;
				CLANG_ENABLE_OBJC_ARC = YES;
				CLANG_ENABLE_OBJC_WEAK = YES;
				CLANG_WARN_BLOCK_CAPTURE_AUTORELEASING = YES;
				CLANG_WARN_BOOL_CONVERSION = YES;
				CLANG_WARN_COMMA = YES;
				CLANG_WARN_CONSTANT_CONVERSION = YES;
				CLANG_WARN_DEPRECATED_OBJC_IMPLEMENTATIONS = YES;
				CLANG_WARN_DIRECT_OBJC_ISA_USAGE = YES_ERROR;
				CLANG_WARN_DOCUMENTATION_COMMENTS = YES;
				CLANG_WARN_EMPTY_BODY = YES;
				CLANG_WARN_ENUM_CONVERSION = YES;
				CLANG_WARN_INFINITE_RECURSION = YES;
				CLANG_WARN_INT_CONVERSION = YES;
				CLANG_WARN_NON_LITERAL_NULL_CONVERSION = YES;
				CLANG_WARN_OBJC_IMPLICIT_RETAIN_SELF = YES;
				CLANG_WARN_OBJC_LITERAL_CONVERSION = YES;
				CLANG_WARN_OBJC_ROOT_CLASS = YES_ERROR;
				CLANG_WARN_QUOTED_INCLUDE_IN_FRAMEWORK_HEADER = YES;
				CLANG_WARN_RANGE_LOOP_ANALYSIS = YES;
				CLANG_WARN_STRICT_PROTOTYPES = YES;
				CLANG_WARN_SUSPICIOUS_MOVE = YES;
				CLANG_WARN_UNGUARDED_AVAILABILITY = YES_AGGRESSIVE;
				CLANG_WARN_UNREACHABLE_CODE = YES;
				CLANG_WARN__DUPLICATE_METHOD_MATCH = YES;
				COPY_PHASE_STRIP = NO;
				DEBUG_INFORMATION_FORMAT = dwarf;
				ENABLE_STRICT_OBJC_MSGSEND = YES;
				ENABLE_TESTABILITY = YES;
				GCC_C_LANGUAGE_STANDARD = gnu11;
				GCC_DYNAMIC_NO_PIC = NO;
				GCC_NO_COMMON_BLOCKS = YES;
				GCC_OPTIMIZATION_LEVEL = 0;
				GCC_PREPROCESSOR_DEFINITIONS = (
					"DEBUG=1",
					"$(inherited)",
				);
				GCC_WARN_64_TO_32_BIT_CONVERSION = YES;
				GCC_WARN_ABOUT_RETURN_TYPE = YES_ERROR;
				GCC_WARN_UNDECLARED_SELECTOR = YES;
				GCC_WARN_UNINITIALIZED_AUTOS = YES_AGGRESSIVE;
				GCC_WARN_UNUSED_FUNCTION = YES;
				GCC_WARN_UNUSED_VARIABLE = YES;
				IBSC_ERRORS = YES;
				IBSC_NOTICES = NO;
				IBSC_WARNINGS = NO;
				IPHONEOS_DEPLOYMENT_TARGET = 15.2;
				MTL_ENABLE_DEBUG_INFO = INCLUDE_SOURCE;
				MTL_FAST_MATH = YES;
				ONLY_ACTIVE_ARCH = YES;
				SDKROOT = iphoneos;
				SWIFT_ACTIVE_COMPILATION_CONDITIONS = DEBUG;
				SWIFT_OPTIMIZATION_LEVEL = "-Onone";
			};
			name = Debug;
		};
		6E3B730D27CD051E006FFDB1 /* Release */ = {
			isa = XCBuildConfiguration;
			buildSettings = {
				ALWAYS_SEARCH_USER_PATHS = NO;
				CLANG_ANALYZER_NONNULL = YES;
				CLANG_ANALYZER_NUMBER_OBJECT_CONVERSION = YES_AGGRESSIVE;
				CLANG_CXX_LANGUAGE_STANDARD = "gnu++17";
				CLANG_CXX_LIBRARY = "libc++";
				CLANG_ENABLE_MODULES = YES;
				CLANG_ENABLE_OBJC_ARC = YES;
				CLANG_ENABLE_OBJC_WEAK = YES;
				CLANG_WARN_BLOCK_CAPTURE_AUTORELEASING = YES;
				CLANG_WARN_BOOL_CONVERSION = YES;
				CLANG_WARN_COMMA = YES;
				CLANG_WARN_CONSTANT_CONVERSION = YES;
				CLANG_WARN_DEPRECATED_OBJC_IMPLEMENTATIONS = YES;
				CLANG_WARN_DIRECT_OBJC_ISA_USAGE = YES_ERROR;
				CLANG_WARN_DOCUMENTATION_COMMENTS = YES;
				CLANG_WARN_EMPTY_BODY = YES;
				CLANG_WARN_ENUM_CONVERSION = YES;
				CLANG_WARN_INFINITE_RECURSION = YES;
				CLANG_WARN_INT_CONVERSION = YES;
				CLANG_WARN_NON_LITERAL_NULL_CONVERSION = YES;
				CLANG_WARN_OBJC_IMPLICIT_RETAIN_SELF = YES;
				CLANG_WARN_OBJC_LITERAL_CONVERSION = YES;
				CLANG_WARN_OBJC_ROOT_CLASS = YES_ERROR;
				CLANG_WARN_QUOTED_INCLUDE_IN_FRAMEWORK_HEADER = YES;
				CLANG_WARN_RANGE_LOOP_ANALYSIS = YES;
				CLANG_WARN_STRICT_PROTOTYPES = YES;
				CLANG_WARN_SUSPICIOUS_MOVE = YES;
				CLANG_WARN_UNGUARDED_AVAILABILITY = YES_AGGRESSIVE;
				CLANG_WARN_UNREACHABLE_CODE = YES;
				CLANG_WARN__DUPLICATE_METHOD_MATCH = YES;
				COPY_PHASE_STRIP = NO;
				DEBUG_INFORMATION_FORMAT = "dwarf-with-dsym";
				ENABLE_NS_ASSERTIONS = NO;
				ENABLE_STRICT_OBJC_MSGSEND = YES;
				GCC_C_LANGUAGE_STANDARD = gnu11;
				GCC_NO_COMMON_BLOCKS = YES;
				GCC_WARN_64_TO_32_BIT_CONVERSION = YES;
				GCC_WARN_ABOUT_RETURN_TYPE = YES_ERROR;
				GCC_WARN_UNDECLARED_SELECTOR = YES;
				GCC_WARN_UNINITIALIZED_AUTOS = YES_AGGRESSIVE;
				GCC_WARN_UNUSED_FUNCTION = YES;
				GCC_WARN_UNUSED_VARIABLE = YES;
				IBSC_ERRORS = YES;
				IBSC_NOTICES = NO;
				IBSC_WARNINGS = NO;
				IPHONEOS_DEPLOYMENT_TARGET = 15.2;
				MTL_ENABLE_DEBUG_INFO = NO;
				MTL_FAST_MATH = YES;
				SDKROOT = iphoneos;
				SWIFT_COMPILATION_MODE = wholemodule;
				SWIFT_OPTIMIZATION_LEVEL = "-O";
				VALIDATE_PRODUCT = YES;
			};
			name = Release;
		};
		6E3B730F27CD051E006FFDB1 /* Debug */ = {
			isa = XCBuildConfiguration;
			baseConfigurationReference = D39AC35862F4B208FF1F27E8 /* Pods-CollectionViewTask.debug.xcconfig */;
			buildSettings = {
				ASSETCATALOG_COMPILER_APPICON_NAME = AppIcon;
				ASSETCATALOG_COMPILER_GLOBAL_ACCENT_COLOR_NAME = AccentColor;
				CODE_SIGN_STYLE = Automatic;
				CURRENT_PROJECT_VERSION = 1;
				GENERATE_INFOPLIST_FILE = YES;
				INFOPLIST_FILE = CollectionViewTask/Info.plist;
				INFOPLIST_KEY_UIApplicationSupportsIndirectInputEvents = YES;
				INFOPLIST_KEY_UILaunchStoryboardName = LaunchScreen;
				INFOPLIST_KEY_UIMainStoryboardFile = Main;
				INFOPLIST_KEY_UISupportedInterfaceOrientations_iPad = "UIInterfaceOrientationPortrait UIInterfaceOrientationPortraitUpsideDown UIInterfaceOrientationLandscapeLeft UIInterfaceOrientationLandscapeRight";
				INFOPLIST_KEY_UISupportedInterfaceOrientations_iPhone = "UIInterfaceOrientationPortrait UIInterfaceOrientationLandscapeLeft UIInterfaceOrientationLandscapeRight";
				LD_RUNPATH_SEARCH_PATHS = (
					"$(inherited)",
					"@executable_path/Frameworks",
				);
				MARKETING_VERSION = 1.0;
				PRODUCT_BUNDLE_IDENTIFIER = "my-com.CollectionViewTask";
				PRODUCT_NAME = "$(TARGET_NAME)";
				SWIFT_EMIT_LOC_STRINGS = YES;
				SWIFT_VERSION = 5.0;
				TARGETED_DEVICE_FAMILY = "1,2";
			};
			name = Debug;
		};
		6E3B731027CD051E006FFDB1 /* Release */ = {
			isa = XCBuildConfiguration;
			baseConfigurationReference = CB7BF0702BD85EA0DCC2004F /* Pods-CollectionViewTask.release.xcconfig */;
			buildSettings = {
				ASSETCATALOG_COMPILER_APPICON_NAME = AppIcon;
				ASSETCATALOG_COMPILER_GLOBAL_ACCENT_COLOR_NAME = AccentColor;
				CODE_SIGN_STYLE = Automatic;
				CURRENT_PROJECT_VERSION = 1;
				GENERATE_INFOPLIST_FILE = YES;
				INFOPLIST_FILE = CollectionViewTask/Info.plist;
				INFOPLIST_KEY_UIApplicationSupportsIndirectInputEvents = YES;
				INFOPLIST_KEY_UILaunchStoryboardName = LaunchScreen;
				INFOPLIST_KEY_UIMainStoryboardFile = Main;
				INFOPLIST_KEY_UISupportedInterfaceOrientations_iPad = "UIInterfaceOrientationPortrait UIInterfaceOrientationPortraitUpsideDown UIInterfaceOrientationLandscapeLeft UIInterfaceOrientationLandscapeRight";
				INFOPLIST_KEY_UISupportedInterfaceOrientations_iPhone = "UIInterfaceOrientationPortrait UIInterfaceOrientationLandscapeLeft UIInterfaceOrientationLandscapeRight";
				LD_RUNPATH_SEARCH_PATHS = (
					"$(inherited)",
					"@executable_path/Frameworks",
				);
				MARKETING_VERSION = 1.0;
				PRODUCT_BUNDLE_IDENTIFIER = "my-com.CollectionViewTask";
				PRODUCT_NAME = "$(TARGET_NAME)";
				SWIFT_EMIT_LOC_STRINGS = YES;
				SWIFT_VERSION = 5.0;
				TARGETED_DEVICE_FAMILY = "1,2";
			};
			name = Release;
		};
/* End XCBuildConfiguration section */

/* Begin XCConfigurationList section */
		6E3B72F527CD051D006FFDB1 /* Build configuration list for PBXProject "CollectionViewTask" */ = {
			isa = XCConfigurationList;
			buildConfigurations = (
				6E3B730C27CD051E006FFDB1 /* Debug */,
				6E3B730D27CD051E006FFDB1 /* Release */,
			);
			defaultConfigurationIsVisible = 0;
			defaultConfigurationName = Release;
		};
		6E3B730E27CD051E006FFDB1 /* Build configuration list for PBXNativeTarget "CollectionViewTask" */ = {
			isa = XCConfigurationList;
			buildConfigurations = (
				6E3B730F27CD051E006FFDB1 /* Debug */,
				6E3B731027CD051E006FFDB1 /* Release */,
			);
			defaultConfigurationIsVisible = 0;
			defaultConfigurationName = Release;
		};
/* End XCConfigurationList section */
	};
	rootObject = 6E3B72F227CD051D006FFDB1 /* Project object */;
}
